// !$*UTF8*$!
{
	archiveVersion = 1;
	classes = {
	};
	objectVersion = 46;
	objects = {

/* Begin PBXBuildFile section */
		5B35D6071B443E7D00D5052F /* main.m in Sources */ = {isa = PBXBuildFile; fileRef = 5B35D6061B443E7D00D5052F /* main.m */; };
		5B35D60A1B443E7D00D5052F /* AppDelegate.m in Sources */ = {isa = PBXBuildFile; fileRef = 5B35D6091B443E7D00D5052F /* AppDelegate.m */; };
		5B35D60D1B443E7D00D5052F /* iOSCaelum.xcdatamodeld in Sources */ = {isa = PBXBuildFile; fileRef = 5B35D60B1B443E7D00D5052F /* iOSCaelum.xcdatamodeld */; };
		5B35D6101B443E7D00D5052F /* FormularioContatoVC.m in Sources */ = {isa = PBXBuildFile; fileRef = 5B35D60F1B443E7D00D5052F /* FormularioContatoVC.m */; };
		5B35D6131B443E7D00D5052F /* Main.storyboard in Resources */ = {isa = PBXBuildFile; fileRef = 5B35D6111B443E7D00D5052F /* Main.storyboard */; };
		5B35D6151B443E7D00D5052F /* Images.xcassets in Resources */ = {isa = PBXBuildFile; fileRef = 5B35D6141B443E7D00D5052F /* Images.xcassets */; };
		5B35D6181B443E7D00D5052F /* LaunchScreen.xib in Resources */ = {isa = PBXBuildFile; fileRef = 5B35D6161B443E7D00D5052F /* LaunchScreen.xib */; };
		5B35D6241B443E7D00D5052F /* iOSCaelumTests.m in Sources */ = {isa = PBXBuildFile; fileRef = 5B35D6231B443E7D00D5052F /* iOSCaelumTests.m */; };
		5BAB609A1B44BAF800257811 /* Contato.m in Sources */ = {isa = PBXBuildFile; fileRef = 5BAB60991B44BAF800257811 /* Contato.m */; };
		F010D2CD1B4DE8470063FC17 /* ContatosNoMapaVC.m in Sources */ = {isa = PBXBuildFile; fileRef = F010D2CB1B4DE8470063FC17 /* ContatosNoMapaVC.m */; };
		F010D2CE1B4DE8470063FC17 /* ContatosNoMapaVC.xib in Resources */ = {isa = PBXBuildFile; fileRef = F010D2CC1B4DE8470063FC17 /* ContatosNoMapaVC.xib */; };
		F010D2D01B4DE88B0063FC17 /* MapKit.framework in Frameworks */ = {isa = PBXBuildFile; fileRef = F010D2CF1B4DE88B0063FC17 /* MapKit.framework */; settings = {ATTRIBUTES = (Required, ); }; };
		F010D2D11B4DEACB0063FC17 /* MapKit.framework in Frameworks */ = {isa = PBXBuildFile; fileRef = F010D2CF1B4DE88B0063FC17 /* MapKit.framework */; };
		F07F6D3C1B45DFF700F4D90E /* ContatoDao.m in Sources */ = {isa = PBXBuildFile; fileRef = F07F6D3B1B45DFF700F4D90E /* ContatoDao.m */; };
		F07F6D3F1B45E36400F4D90E /* ListaContatosVC.m in Sources */ = {isa = PBXBuildFile; fileRef = F07F6D3E1B45E36400F4D90E /* ListaContatosVC.m */; };
		F08CDEAF1B4B3DA200C2F937 /* GerenciadorDeAcoes.m in Sources */ = {isa = PBXBuildFile; fileRef = F08CDEAE1B4B3DA200C2F937 /* GerenciadorDeAcoes.m */; };
		F08CDEB11B4B559B00C2F937 /* MessageUI.framework in Frameworks */ = {isa = PBXBuildFile; fileRef = F08CDEB01B4B559B00C2F937 /* MessageUI.framework */; };
/* End PBXBuildFile section */

/* Begin PBXContainerItemProxy section */
		5B35D61E1B443E7D00D5052F /* PBXContainerItemProxy */ = {
			isa = PBXContainerItemProxy;
			containerPortal = 5B35D5F91B443E7D00D5052F /* Project object */;
			proxyType = 1;
			remoteGlobalIDString = 5B35D6001B443E7D00D5052F;
			remoteInfo = iOSCaelum;
		};
/* End PBXContainerItemProxy section */

/* Begin PBXFileReference section */
		5B35D6011B443E7D00D5052F /* iOSCaelum.app */ = {isa = PBXFileReference; explicitFileType = wrapper.application; includeInIndex = 0; path = iOSCaelum.app; sourceTree = BUILT_PRODUCTS_DIR; };
		5B35D6051B443E7D00D5052F /* Info.plist */ = {isa = PBXFileReference; lastKnownFileType = text.plist.xml; path = Info.plist; sourceTree = "<group>"; };
		5B35D6061B443E7D00D5052F /* main.m */ = {isa = PBXFileReference; lastKnownFileType = sourcecode.c.objc; path = main.m; sourceTree = "<group>"; };
		5B35D6081B443E7D00D5052F /* AppDelegate.h */ = {isa = PBXFileReference; lastKnownFileType = sourcecode.c.h; path = AppDelegate.h; sourceTree = "<group>"; };
		5B35D6091B443E7D00D5052F /* AppDelegate.m */ = {isa = PBXFileReference; lastKnownFileType = sourcecode.c.objc; path = AppDelegate.m; sourceTree = "<group>"; };
		5B35D60C1B443E7D00D5052F /* iOSCaelum.xcdatamodel */ = {isa = PBXFileReference; lastKnownFileType = wrapper.xcdatamodel; path = iOSCaelum.xcdatamodel; sourceTree = "<group>"; };
		5B35D60E1B443E7D00D5052F /* FormularioContatoVC.h */ = {isa = PBXFileReference; lastKnownFileType = sourcecode.c.h; path = FormularioContatoVC.h; sourceTree = "<group>"; };
		5B35D60F1B443E7D00D5052F /* FormularioContatoVC.m */ = {isa = PBXFileReference; lastKnownFileType = sourcecode.c.objc; path = FormularioContatoVC.m; sourceTree = "<group>"; };
		5B35D6121B443E7D00D5052F /* Base */ = {isa = PBXFileReference; lastKnownFileType = file.storyboard; name = Base; path = Base.lproj/Main.storyboard; sourceTree = "<group>"; };
		5B35D6141B443E7D00D5052F /* Images.xcassets */ = {isa = PBXFileReference; lastKnownFileType = folder.assetcatalog; path = Images.xcassets; sourceTree = "<group>"; };
		5B35D6171B443E7D00D5052F /* Base */ = {isa = PBXFileReference; lastKnownFileType = file.xib; name = Base; path = Base.lproj/LaunchScreen.xib; sourceTree = "<group>"; };
		5B35D61D1B443E7D00D5052F /* iOSCaelumTests.xctest */ = {isa = PBXFileReference; explicitFileType = wrapper.cfbundle; includeInIndex = 0; path = iOSCaelumTests.xctest; sourceTree = BUILT_PRODUCTS_DIR; };
		5B35D6221B443E7D00D5052F /* Info.plist */ = {isa = PBXFileReference; lastKnownFileType = text.plist.xml; path = Info.plist; sourceTree = "<group>"; };
		5B35D6231B443E7D00D5052F /* iOSCaelumTests.m */ = {isa = PBXFileReference; lastKnownFileType = sourcecode.c.objc; path = iOSCaelumTests.m; sourceTree = "<group>"; };
		5BAB60981B44BAF800257811 /* Contato.h */ = {isa = PBXFileReference; fileEncoding = 4; lastKnownFileType = sourcecode.c.h; name = Contato.h; path = Model/Contato.h; sourceTree = "<group>"; };
		5BAB60991B44BAF800257811 /* Contato.m */ = {isa = PBXFileReference; fileEncoding = 4; lastKnownFileType = sourcecode.c.objc; name = Contato.m; path = Model/Contato.m; sourceTree = "<group>"; };
		F010D2CA1B4DE8470063FC17 /* ContatosNoMapaVC.h */ = {isa = PBXFileReference; fileEncoding = 4; lastKnownFileType = sourcecode.c.h; path = ContatosNoMapaVC.h; sourceTree = "<group>"; };
		F010D2CB1B4DE8470063FC17 /* ContatosNoMapaVC.m */ = {isa = PBXFileReference; fileEncoding = 4; lastKnownFileType = sourcecode.c.objc; path = ContatosNoMapaVC.m; sourceTree = "<group>"; };
		F010D2CC1B4DE8470063FC17 /* ContatosNoMapaVC.xib */ = {isa = PBXFileReference; fileEncoding = 4; lastKnownFileType = file.xib; path = ContatosNoMapaVC.xib; sourceTree = "<group>"; };
		F010D2CF1B4DE88B0063FC17 /* MapKit.framework */ = {isa = PBXFileReference; lastKnownFileType = wrapper.framework; name = MapKit.framework; path = System/Library/Frameworks/MapKit.framework; sourceTree = SDKROOT; };
		F07F6D3A1B45DFF700F4D90E /* ContatoDao.h */ = {isa = PBXFileReference; fileEncoding = 4; lastKnownFileType = sourcecode.c.h; name = ContatoDao.h; path = Dao/ContatoDao.h; sourceTree = "<group>"; };
		F07F6D3B1B45DFF700F4D90E /* ContatoDao.m */ = {isa = PBXFileReference; fileEncoding = 4; lastKnownFileType = sourcecode.c.objc; name = ContatoDao.m; path = Dao/ContatoDao.m; sourceTree = "<group>"; };
		F07F6D3D1B45E36400F4D90E /* ListaContatosVC.h */ = {isa = PBXFileReference; fileEncoding = 4; lastKnownFileType = sourcecode.c.h; path = ListaContatosVC.h; sourceTree = "<group>"; };
		F07F6D3E1B45E36400F4D90E /* ListaContatosVC.m */ = {isa = PBXFileReference; fileEncoding = 4; lastKnownFileType = sourcecode.c.objc; path = ListaContatosVC.m; sourceTree = "<group>"; };
		F08CDEAD1B4B3DA200C2F937 /* GerenciadorDeAcoes.h */ = {isa = PBXFileReference; fileEncoding = 4; lastKnownFileType = sourcecode.c.h; path = GerenciadorDeAcoes.h; sourceTree = "<group>"; };
		F08CDEAE1B4B3DA200C2F937 /* GerenciadorDeAcoes.m */ = {isa = PBXFileReference; fileEncoding = 4; lastKnownFileType = sourcecode.c.objc; path = GerenciadorDeAcoes.m; sourceTree = "<group>"; };
		F08CDEB01B4B559B00C2F937 /* MessageUI.framework */ = {isa = PBXFileReference; lastKnownFileType = wrapper.framework; name = MessageUI.framework; path = System/Library/Frameworks/MessageUI.framework; sourceTree = SDKROOT; };
/* End PBXFileReference section */

/* Begin PBXFrameworksBuildPhase section */
		5B35D5FE1B443E7D00D5052F /* Frameworks */ = {
			isa = PBXFrameworksBuildPhase;
			buildActionMask = 2147483647;
			files = (
				F010D2D11B4DEACB0063FC17 /* MapKit.framework in Frameworks */,
			);
			runOnlyForDeploymentPostprocessing = 0;
		};
		5B35D61A1B443E7D00D5052F /* Frameworks */ = {
			isa = PBXFrameworksBuildPhase;
			buildActionMask = 2147483647;
			files = (
				F010D2D01B4DE88B0063FC17 /* MapKit.framework in Frameworks */,
				F08CDEB11B4B559B00C2F937 /* MessageUI.framework in Frameworks */,
			);
			runOnlyForDeploymentPostprocessing = 0;
		};
/* End PBXFrameworksBuildPhase section */

/* Begin PBXGroup section */
		5B35D5F81B443E7D00D5052F = {
			isa = PBXGroup;
			children = (
				F010D2CF1B4DE88B0063FC17 /* MapKit.framework */,
				F08CDEB01B4B559B00C2F937 /* MessageUI.framework */,
				5B35D6031B443E7D00D5052F /* iOSCaelum */,
				5B35D6201B443E7D00D5052F /* iOSCaelumTests */,
				5B35D6021B443E7D00D5052F /* Products */,
			);
			sourceTree = "<group>";
		};
		5B35D6021B443E7D00D5052F /* Products */ = {
			isa = PBXGroup;
			children = (
				5B35D6011B443E7D00D5052F /* iOSCaelum.app */,
				5B35D61D1B443E7D00D5052F /* iOSCaelumTests.xctest */,
			);
			name = Products;
			sourceTree = "<group>";
		};
		5B35D6031B443E7D00D5052F /* iOSCaelum */ = {
			isa = PBXGroup;
			children = (
				5B35D6081B443E7D00D5052F /* AppDelegate.h */,
				5B35D6091B443E7D00D5052F /* AppDelegate.m */,
				5B35D60E1B443E7D00D5052F /* FormularioContatoVC.h */,
				5B35D60F1B443E7D00D5052F /* FormularioContatoVC.m */,
				5B35D6111B443E7D00D5052F /* Main.storyboard */,
				5BAB60981B44BAF800257811 /* Contato.h */,
				5BAB60991B44BAF800257811 /* Contato.m */,
				F010D2CA1B4DE8470063FC17 /* ContatosNoMapaVC.h */,
				F010D2CB1B4DE8470063FC17 /* ContatosNoMapaVC.m */,
				F010D2CC1B4DE8470063FC17 /* ContatosNoMapaVC.xib */,
				F07F6D3D1B45E36400F4D90E /* ListaContatosVC.h */,
				F07F6D3E1B45E36400F4D90E /* ListaContatosVC.m */,
				F08CDEAD1B4B3DA200C2F937 /* GerenciadorDeAcoes.h */,
				F08CDEAE1B4B3DA200C2F937 /* GerenciadorDeAcoes.m */,
				5B35D6141B443E7D00D5052F /* Images.xcassets */,
				5B35D6161B443E7D00D5052F /* LaunchScreen.xib */,
				5B35D60B1B443E7D00D5052F /* iOSCaelum.xcdatamodeld */,
				5B35D6041B443E7D00D5052F /* Supporting Files */,
				F07F6D3A1B45DFF700F4D90E /* ContatoDao.h */,
				F07F6D3B1B45DFF700F4D90E /* ContatoDao.m */,
			);
			path = iOSCaelum;
			sourceTree = "<group>";
		};
		5B35D6041B443E7D00D5052F /* Supporting Files */ = {
			isa = PBXGroup;
			children = (
				5B35D6051B443E7D00D5052F /* Info.plist */,
				5B35D6061B443E7D00D5052F /* main.m */,
			);
			name = "Supporting Files";
			sourceTree = "<group>";
		};
		5B35D6201B443E7D00D5052F /* iOSCaelumTests */ = {
			isa = PBXGroup;
			children = (
				5B35D6231B443E7D00D5052F /* iOSCaelumTests.m */,
				5B35D6211B443E7D00D5052F /* Supporting Files */,
			);
			path = iOSCaelumTests;
			sourceTree = "<group>";
		};
		5B35D6211B443E7D00D5052F /* Supporting Files */ = {
			isa = PBXGroup;
			children = (
				5B35D6221B443E7D00D5052F /* Info.plist */,
			);
			name = "Supporting Files";
			sourceTree = "<group>";
		};
/* End PBXGroup section */

/* Begin PBXNativeTarget section */
		5B35D6001B443E7D00D5052F /* iOSCaelum */ = {
			isa = PBXNativeTarget;
			buildConfigurationList = 5B35D6271B443E7D00D5052F /* Build configuration list for PBXNativeTarget "iOSCaelum" */;
			buildPhases = (
				5B35D5FD1B443E7D00D5052F /* Sources */,
				5B35D5FE1B443E7D00D5052F /* Frameworks */,
				5B35D5FF1B443E7D00D5052F /* Resources */,
			);
			buildRules = (
			);
			dependencies = (
			);
			name = iOSCaelum;
			productName = iOSCaelum;
			productReference = 5B35D6011B443E7D00D5052F /* iOSCaelum.app */;
			productType = "com.apple.product-type.application";
		};
		5B35D61C1B443E7D00D5052F /* iOSCaelumTests */ = {
			isa = PBXNativeTarget;
			buildConfigurationList = 5B35D62A1B443E7D00D5052F /* Build configuration list for PBXNativeTarget "iOSCaelumTests" */;
			buildPhases = (
				5B35D6191B443E7D00D5052F /* Sources */,
				5B35D61A1B443E7D00D5052F /* Frameworks */,
				5B35D61B1B443E7D00D5052F /* Resources */,
			);
			buildRules = (
			);
			dependencies = (
				5B35D61F1B443E7D00D5052F /* PBXTargetDependency */,
			);
			name = iOSCaelumTests;
			productName = iOSCaelumTests;
			productReference = 5B35D61D1B443E7D00D5052F /* iOSCaelumTests.xctest */;
			productType = "com.apple.product-type.bundle.unit-test";
		};
/* End PBXNativeTarget section */

/* Begin PBXProject section */
		5B35D5F91B443E7D00D5052F /* Project object */ = {
			isa = PBXProject;
			attributes = {
				LastUpgradeCheck = 0630;
				ORGANIZATIONNAME = Caelum;
				TargetAttributes = {
					5B35D6001B443E7D00D5052F = {
						CreatedOnToolsVersion = 6.3.2;
						SystemCapabilities = {
							com.apple.Maps.iOS = {
								enabled = 1;
							};
						};
					};
					5B35D61C1B443E7D00D5052F = {
						CreatedOnToolsVersion = 6.3.2;
						TestTargetID = 5B35D6001B443E7D00D5052F;
					};
				};
			};
			buildConfigurationList = 5B35D5FC1B443E7D00D5052F /* Build configuration list for PBXProject "iOSCaelum" */;
			compatibilityVersion = "Xcode 3.2";
			developmentRegion = English;
			hasScannedForEncodings = 0;
			knownRegions = (
				en,
				Base,
			);
			mainGroup = 5B35D5F81B443E7D00D5052F;
			productRefGroup = 5B35D6021B443E7D00D5052F /* Products */;
			projectDirPath = "";
			projectRoot = "";
			targets = (
				5B35D6001B443E7D00D5052F /* iOSCaelum */,
				5B35D61C1B443E7D00D5052F /* iOSCaelumTests */,
			);
		};
/* End PBXProject section */

/* Begin PBXResourcesBuildPhase section */
		5B35D5FF1B443E7D00D5052F /* Resources */ = {
			isa = PBXResourcesBuildPhase;
			buildActionMask = 2147483647;
			files = (
				5B35D6131B443E7D00D5052F /* Main.storyboard in Resources */,
				F010D2CE1B4DE8470063FC17 /* ContatosNoMapaVC.xib in Resources */,
				5B35D6181B443E7D00D5052F /* LaunchScreen.xib in Resources */,
				5B35D6151B443E7D00D5052F /* Images.xcassets in Resources */,
			);
			runOnlyForDeploymentPostprocessing = 0;
		};
		5B35D61B1B443E7D00D5052F /* Resources */ = {
			isa = PBXResourcesBuildPhase;
			buildActionMask = 2147483647;
			files = (
			);
			runOnlyForDeploymentPostprocessing = 0;
		};
/* End PBXResourcesBuildPhase section */

/* Begin PBXSourcesBuildPhase section */
		5B35D5FD1B443E7D00D5052F /* Sources */ = {
			isa = PBXSourcesBuildPhase;
			buildActionMask = 2147483647;
			files = (
				F010D2CD1B4DE8470063FC17 /* ContatosNoMapaVC.m in Sources */,
				5BAB609A1B44BAF800257811 /* Contato.m in Sources */,
				F07F6D3F1B45E36400F4D90E /* ListaContatosVC.m in Sources */,
				5B35D60A1B443E7D00D5052F /* AppDelegate.m in Sources */,
				5B35D60D1B443E7D00D5052F /* iOSCaelum.xcdatamodeld in Sources */,
				F07F6D3C1B45DFF700F4D90E /* ContatoDao.m in Sources */,
				5B35D6101B443E7D00D5052F /* FormularioContatoVC.m in Sources */,
				F08CDEAF1B4B3DA200C2F937 /* GerenciadorDeAcoes.m in Sources */,
				5B35D6071B443E7D00D5052F /* main.m in Sources */,
			);
			runOnlyForDeploymentPostprocessing = 0;
		};
		5B35D6191B443E7D00D5052F /* Sources */ = {
			isa = PBXSourcesBuildPhase;
			buildActionMask = 2147483647;
			files = (
				5B35D6241B443E7D00D5052F /* iOSCaelumTests.m in Sources */,
			);
			runOnlyForDeploymentPostprocessing = 0;
		};
/* End PBXSourcesBuildPhase section */

/* Begin PBXTargetDependency section */
		5B35D61F1B443E7D00D5052F /* PBXTargetDependency */ = {
			isa = PBXTargetDependency;
			target = 5B35D6001B443E7D00D5052F /* iOSCaelum */;
			targetProxy = 5B35D61E1B443E7D00D5052F /* PBXContainerItemProxy */;
		};
/* End PBXTargetDependency section */

/* Begin PBXVariantGroup section */
		5B35D6111B443E7D00D5052F /* Main.storyboard */ = {
			isa = PBXVariantGroup;
			children = (
				5B35D6121B443E7D00D5052F /* Base */,
			);
			name = Main.storyboard;
			sourceTree = "<group>";
		};
		5B35D6161B443E7D00D5052F /* LaunchScreen.xib */ = {
			isa = PBXVariantGroup;
			children = (
				5B35D6171B443E7D00D5052F /* Base */,
			);
			name = LaunchScreen.xib;
			sourceTree = "<group>";
		};
/* End PBXVariantGroup section */

/* Begin XCBuildConfiguration section */
		5B35D6251B443E7D00D5052F /* Debug */ = {
			isa = XCBuildConfiguration;
			buildSettings = {
				ALWAYS_SEARCH_USER_PATHS = NO;
				CLANG_CXX_LANGUAGE_STANDARD = "gnu++0x";
				CLANG_CXX_LIBRARY = "libc++";
				CLANG_ENABLE_MODULES = YES;
				CLANG_ENABLE_OBJC_ARC = YES;
				CLANG_WARN_BOOL_CONVERSION = YES;
				CLANG_WARN_CONSTANT_CONVERSION = YES;
				CLANG_WARN_DIRECT_OBJC_ISA_USAGE = YES_ERROR;
				CLANG_WARN_EMPTY_BODY = YES;
				CLANG_WARN_ENUM_CONVERSION = YES;
				CLANG_WARN_INT_CONVERSION = YES;
				CLANG_WARN_OBJC_ROOT_CLASS = YES_ERROR;
				CLANG_WARN_UNREACHABLE_CODE = YES;
				CLANG_WARN__DUPLICATE_METHOD_MATCH = YES;
				"CODE_SIGN_IDENTITY[sdk=iphoneos*]" = "iPhone Developer";
				COPY_PHASE_STRIP = NO;
				DEBUG_INFORMATION_FORMAT = "dwarf-with-dsym";
				ENABLE_STRICT_OBJC_MSGSEND = YES;
				GCC_C_LANGUAGE_STANDARD = gnu99;
				GCC_DYNAMIC_NO_PIC = NO;
				GCC_NO_COMMON_BLOCKS = YES;
				GCC_OPTIMIZATION_LEVEL = 0;
				GCC_PREPROCESSOR_DEFINITIONS = (
					"DEBUG=1",
					"$(inherited)",
				);
				GCC_SYMBOLS_PRIVATE_EXTERN = NO;
				GCC_WARN_64_TO_32_BIT_CONVERSION = YES;
				GCC_WARN_ABOUT_RETURN_TYPE = YES_ERROR;
				GCC_WARN_UNDECLARED_SELECTOR = YES;
				GCC_WARN_UNINITIALIZED_AUTOS = YES_AGGRESSIVE;
				GCC_WARN_UNUSED_FUNCTION = YES;
				GCC_WARN_UNUSED_VARIABLE = YES;
				IPHONEOS_DEPLOYMENT_TARGET = 8.0;
				MTL_ENABLE_DEBUG_INFO = YES;
				ONLY_ACTIVE_ARCH = YES;
				SDKROOT = iphoneos;
				TARGETED_DEVICE_FAMILY = "1,2";
			};
			name = Debug;
		};
		5B35D6261B443E7D00D5052F /* Release */ = {
			isa = XCBuildConfiguration;
			buildSettings = {
				ALWAYS_SEARCH_USER_PATHS = NO;
				CLANG_CXX_LANGUAGE_STANDARD = "gnu++0x";
				CLANG_CXX_LIBRARY = "libc++";
				CLANG_ENABLE_MODULES = YES;
				CLANG_ENABLE_OBJC_ARC = YES;
				CLANG_WARN_BOOL_CONVERSION = YES;
				CLANG_WARN_CONSTANT_CONVERSION = YES;
				CLANG_WARN_DIRECT_OBJC_ISA_USAGE = YES_ERROR;
				CLANG_WARN_EMPTY_BODY = YES;
				CLANG_WARN_ENUM_CONVERSION = YES;
				CLANG_WARN_INT_CONVERSION = YES;
				CLANG_WARN_OBJC_ROOT_CLASS = YES_ERROR;
				CLANG_WARN_UNREACHABLE_CODE = YES;
				CLANG_WARN__DUPLICATE_METHOD_MATCH = YES;
				"CODE_SIGN_IDENTITY[sdk=iphoneos*]" = "iPhone Developer";
				COPY_PHASE_STRIP = NO;
				DEBUG_INFORMATION_FORMAT = "dwarf-with-dsym";
				ENABLE_NS_ASSERTIONS = NO;
				ENABLE_STRICT_OBJC_MSGSEND = YES;
				GCC_C_LANGUAGE_STANDARD = gnu99;
				GCC_NO_COMMON_BLOCKS = YES;
				GCC_WARN_64_TO_32_BIT_CONVERSION = YES;
				GCC_WARN_ABOUT_RETURN_TYPE = YES_ERROR;
				GCC_WARN_UNDECLARED_SELECTOR = YES;
				GCC_WARN_UNINITIALIZED_AUTOS = YES_AGGRESSIVE;
				GCC_WARN_UNUSED_FUNCTION = YES;
				GCC_WARN_UNUSED_VARIABLE = YES;
				IPHONEOS_DEPLOYMENT_TARGET = 8.0;
				MTL_ENABLE_DEBUG_INFO = NO;
				SDKROOT = iphoneos;
				TARGETED_DEVICE_FAMILY = "1,2";
				VALIDATE_PRODUCT = YES;
			};
			name = Release;
		};
		5B35D6281B443E7D00D5052F /* Debug */ = {
			isa = XCBuildConfiguration;
			buildSettings = {
				ASSETCATALOG_COMPILER_APPICON_NAME = AppIcon;
				INFOPLIST_FILE = iOSCaelum/Info.plist;
				IPHONEOS_DEPLOYMENT_TARGET = 8.0;
				LD_RUNPATH_SEARCH_PATHS = "$(inherited) @executable_path/Frameworks";
				PRODUCT_NAME = "$(TARGET_NAME)";
			};
			name = Debug;
		};
		5B35D6291B443E7D00D5052F /* Release */ = {
			isa = XCBuildConfiguration;
			buildSettings = {
				ASSETCATALOG_COMPILER_APPICON_NAME = AppIcon;
				INFOPLIST_FILE = iOSCaelum/Info.plist;
				IPHONEOS_DEPLOYMENT_TARGET = 8.0;
				LD_RUNPATH_SEARCH_PATHS = "$(inherited) @executable_path/Frameworks";
				PRODUCT_NAME = "$(TARGET_NAME)";
			};
			name = Release;
		};
		5B35D62B1B443E7D00D5052F /* Debug */ = {
			isa = XCBuildConfiguration;
			buildSettings = {
				BUNDLE_LOADER = "$(TEST_HOST)";
				FRAMEWORK_SEARCH_PATHS = (
					"$(SDKROOT)/Developer/Library/Frameworks",
					"$(inherited)",
				);
				GCC_PREPROCESSOR_DEFINITIONS = (
					"DEBUG=1",
					"$(inherited)",
				);
				INFOPLIST_FILE = iOSCaelumTests/Info.plist;
				IPHONEOS_DEPLOYMENT_TARGET = 8.0;
				LD_RUNPATH_SEARCH_PATHS = "$(inherited) @executable_path/Frameworks @loader_path/Frameworks";
				PRODUCT_NAME = "$(TARGET_NAME)";
				TEST_HOST = "$(BUILT_PRODUCTS_DIR)/iOSCaelum.app/iOSCaelum";
			};
			name = Debug;
		};
		5B35D62C1B443E7D00D5052F /* Release */ = {
			isa = XCBuildConfiguration;
			buildSettings = {
				BUNDLE_LOADER = "$(TEST_HOST)";
				FRAMEWORK_SEARCH_PATHS = (
					"$(SDKROOT)/Developer/Library/Frameworks",
					"$(inherited)",
				);
				INFOPLIST_FILE = iOSCaelumTests/Info.plist;
				IPHONEOS_DEPLOYMENT_TARGET = 8.0;
				LD_RUNPATH_SEARCH_PATHS = "$(inherited) @executable_path/Frameworks @loader_path/Frameworks";
				PRODUCT_NAME = "$(TARGET_NAME)";
				TEST_HOST = "$(BUILT_PRODUCTS_DIR)/iOSCaelum.app/iOSCaelum";
			};
			name = Release;
		};
/* End XCBuildConfiguration section */

/* Begin XCConfigurationList section */
		5B35D5FC1B443E7D00D5052F /* Build configuration list for PBXProject "iOSCaelum" */ = {
			isa = XCConfigurationList;
			buildConfigurations = (
				5B35D6251B443E7D00D5052F /* Debug */,
				5B35D6261B443E7D00D5052F /* Release */,
			);
			defaultConfigurationIsVisible = 0;
			defaultConfigurationName = Release;
		};
		5B35D6271B443E7D00D5052F /* Build configuration list for PBXNativeTarget "iOSCaelum" */ = {
			isa = XCConfigurationList;
			buildConfigurations = (
				5B35D6281B443E7D00D5052F /* Debug */,
				5B35D6291B443E7D00D5052F /* Release */,
			);
			defaultConfigurationIsVisible = 0;
			defaultConfigurationName = Release;
		};
		5B35D62A1B443E7D00D5052F /* Build configuration list for PBXNativeTarget "iOSCaelumTests" */ = {
			isa = XCConfigurationList;
			buildConfigurations = (
				5B35D62B1B443E7D00D5052F /* Debug */,
				5B35D62C1B443E7D00D5052F /* Release */,
			);
			defaultConfigurationIsVisible = 0;
			defaultConfigurationName = Release;
		};
/* End XCConfigurationList section */

/* Begin XCVersionGroup section */
		5B35D60B1B443E7D00D5052F /* iOSCaelum.xcdatamodeld */ = {
			isa = XCVersionGroup;
			children = (
				5B35D60C1B443E7D00D5052F /* iOSCaelum.xcdatamodel */,
			);
			currentVersion = 5B35D60C1B443E7D00D5052F /* iOSCaelum.xcdatamodel */;
			path = iOSCaelum.xcdatamodeld;
			sourceTree = "<group>";
			versionGroupType = wrapper.xcdatamodel;
		};
/* End XCVersionGroup section */
	};
	rootObject = 5B35D5F91B443E7D00D5052F /* Project object */;
}
